// !$*UTF8*$!
{
	archiveVersion = 1;
	classes = {
	};
	objectVersion = 50;
	objects = {

/* Begin PBXBuildFile section */
		44149EF322675FFB00650E26 /* AppDelegate.swift in Sources */ = {isa = PBXBuildFile; fileRef = 44149EF222675FFB00650E26 /* AppDelegate.swift */; };
		44149EF522675FFB00650E26 /* LoginViewController.swift in Sources */ = {isa = PBXBuildFile; fileRef = 44149EF422675FFB00650E26 /* LoginViewController.swift */; };
		44149EF822675FFB00650E26 /* Main.storyboard in Resources */ = {isa = PBXBuildFile; fileRef = 44149EF622675FFB00650E26 /* Main.storyboard */; };
		44149EFA22675FFC00650E26 /* Assets.xcassets in Resources */ = {isa = PBXBuildFile; fileRef = 44149EF922675FFC00650E26 /* Assets.xcassets */; };
		44149EFD22675FFC00650E26 /* LaunchScreen.storyboard in Resources */ = {isa = PBXBuildFile; fileRef = 44149EFB22675FFC00650E26 /* LaunchScreen.storyboard */; };
		44149F092268A03000650E26 /* UdacityClient.swift in Sources */ = {isa = PBXBuildFile; fileRef = 44149F082268A03000650E26 /* UdacityClient.swift */; };
		44149F0B2268B34000650E26 /* UdacityErrorResponse.swift in Sources */ = {isa = PBXBuildFile; fileRef = 44149F0A2268B34000650E26 /* UdacityErrorResponse.swift */; };
		44149F0E2269D79200650E26 /* UdacityLoginResponse.swift in Sources */ = {isa = PBXBuildFile; fileRef = 44149F0D2269D79200650E26 /* UdacityLoginResponse.swift */; };
		44149F112269F26000650E26 /* LoginRequest.swift in Sources */ = {isa = PBXBuildFile; fileRef = 44149F102269F26000650E26 /* LoginRequest.swift */; };
/* End PBXBuildFile section */

/* Begin PBXFileReference section */
		44149EEF22675FFB00650E26 /* On the Map.app */ = {isa = PBXFileReference; explicitFileType = wrapper.application; includeInIndex = 0; path = "On the Map.app"; sourceTree = BUILT_PRODUCTS_DIR; };
		44149EF222675FFB00650E26 /* AppDelegate.swift */ = {isa = PBXFileReference; lastKnownFileType = sourcecode.swift; path = AppDelegate.swift; sourceTree = "<group>"; };
		44149EF422675FFB00650E26 /* LoginViewController.swift */ = {isa = PBXFileReference; lastKnownFileType = sourcecode.swift; path = LoginViewController.swift; sourceTree = "<group>"; };
		44149EF722675FFB00650E26 /* Base */ = {isa = PBXFileReference; lastKnownFileType = file.storyboard; name = Base; path = Base.lproj/Main.storyboard; sourceTree = "<group>"; };
		44149EF922675FFC00650E26 /* Assets.xcassets */ = {isa = PBXFileReference; lastKnownFileType = folder.assetcatalog; path = Assets.xcassets; sourceTree = "<group>"; };
		44149EFC22675FFC00650E26 /* Base */ = {isa = PBXFileReference; lastKnownFileType = file.storyboard; name = Base; path = Base.lproj/LaunchScreen.storyboard; sourceTree = "<group>"; };
		44149EFE22675FFC00650E26 /* Info.plist */ = {isa = PBXFileReference; lastKnownFileType = text.plist.xml; path = Info.plist; sourceTree = "<group>"; };
		44149F082268A03000650E26 /* UdacityClient.swift */ = {isa = PBXFileReference; lastKnownFileType = sourcecode.swift; path = UdacityClient.swift; sourceTree = "<group>"; };
		44149F0A2268B34000650E26 /* UdacityErrorResponse.swift */ = {isa = PBXFileReference; lastKnownFileType = sourcecode.swift; path = UdacityErrorResponse.swift; sourceTree = "<group>"; };
		44149F0D2269D79200650E26 /* UdacityLoginResponse.swift */ = {isa = PBXFileReference; lastKnownFileType = sourcecode.swift; path = UdacityLoginResponse.swift; sourceTree = "<group>"; };
		44149F102269F26000650E26 /* LoginRequest.swift */ = {isa = PBXFileReference; lastKnownFileType = sourcecode.swift; path = LoginRequest.swift; sourceTree = "<group>"; };
/* End PBXFileReference section */

/* Begin PBXFrameworksBuildPhase section */
		44149EEC22675FFB00650E26 /* Frameworks */ = {
			isa = PBXFrameworksBuildPhase;
			buildActionMask = 2147483647;
			files = (
			);
			runOnlyForDeploymentPostprocessing = 0;
		};
/* End PBXFrameworksBuildPhase section */

/* Begin PBXGroup section */
		44149EE622675FFA00650E26 = {
			isa = PBXGroup;
			children = (
				44149EF122675FFB00650E26 /* On the Map */,
				44149EF022675FFB00650E26 /* Products */,
			);
			sourceTree = "<group>";
		};
		44149EF022675FFB00650E26 /* Products */ = {
			isa = PBXGroup;
			children = (
				44149EEF22675FFB00650E26 /* On the Map.app */,
			);
			name = Products;
			sourceTree = "<group>";
		};
		44149EF122675FFB00650E26 /* On the Map */ = {
			isa = PBXGroup;
			children = (
				44149F0722688B9100650E26 /* Model */,
				44149F0622688B7D00650E26 /* View */,
				44149EF222675FFB00650E26 /* AppDelegate.swift */,
				44149F0522688B6000650E26 /* Controller */,
				44149F042267613B00650E26 /* Assets */,
				44149EFE22675FFC00650E26 /* Info.plist */,
			);
			path = "On the Map";
			sourceTree = "<group>";
		};
		44149F042267613B00650E26 /* Assets */ = {
			isa = PBXGroup;
			children = (
				44149EF622675FFB00650E26 /* Main.storyboard */,
				44149EF922675FFC00650E26 /* Assets.xcassets */,
				44149EFB22675FFC00650E26 /* LaunchScreen.storyboard */,
			);
			path = Assets;
			sourceTree = "<group>";
		};
		44149F0522688B6000650E26 /* Controller */ = {
			isa = PBXGroup;
			children = (
				44149EF422675FFB00650E26 /* LoginViewController.swift */,
			);
			path = Controller;
			sourceTree = "<group>";
		};
		44149F0622688B7D00650E26 /* View */ = {
			isa = PBXGroup;
			children = (
			);
			path = View;
			sourceTree = "<group>";
		};
		44149F0722688B9100650E26 /* Model */ = {
			isa = PBXGroup;
			children = (
				44149F082268A03000650E26 /* UdacityClient.swift */,
				44149F0F2269F24A00650E26 /* Request */,
				44149F0C2269D77000650E26 /* Response */,
			);
			path = Model;
			sourceTree = "<group>";
		};
		44149F0C2269D77000650E26 /* Response */ = {
			isa = PBXGroup;
			children = (
				44149F0A2268B34000650E26 /* UdacityErrorResponse.swift */,
				44149F0D2269D79200650E26 /* UdacityLoginResponse.swift */,
			);
			path = Response;
			sourceTree = "<group>";
		};
		44149F0F2269F24A00650E26 /* Request */ = {
			isa = PBXGroup;
			children = (
				44149F102269F26000650E26 /* LoginRequest.swift */,
			);
			path = Request;
			sourceTree = "<group>";
		};
/* End PBXGroup section */

/* Begin PBXNativeTarget section */
		44149EEE22675FFB00650E26 /* On the Map */ = {
			isa = PBXNativeTarget;
			buildConfigurationList = 44149F0122675FFC00650E26 /* Build configuration list for PBXNativeTarget "On the Map" */;
			buildPhases = (
				44149EEB22675FFB00650E26 /* Sources */,
				44149EEC22675FFB00650E26 /* Frameworks */,
				44149EED22675FFB00650E26 /* Resources */,
			);
			buildRules = (
			);
			dependencies = (
			);
			name = "On the Map";
			productName = "On the Map";
			productReference = 44149EEF22675FFB00650E26 /* On the Map.app */;
			productType = "com.apple.product-type.application";
		};
/* End PBXNativeTarget section */

/* Begin PBXProject section */
		44149EE722675FFA00650E26 /* Project object */ = {
			isa = PBXProject;
			attributes = {
				LastSwiftUpdateCheck = 1020;
				LastUpgradeCheck = 1020;
				ORGANIZATIONNAME = GreenX;
				TargetAttributes = {
					44149EEE22675FFB00650E26 = {
						CreatedOnToolsVersion = 10.2;
					};
				};
			};
			buildConfigurationList = 44149EEA22675FFA00650E26 /* Build configuration list for PBXProject "On the Map" */;
			compatibilityVersion = "Xcode 9.3";
			developmentRegion = en;
			hasScannedForEncodings = 0;
			knownRegions = (
				en,
				Base,
			);
			mainGroup = 44149EE622675FFA00650E26;
			productRefGroup = 44149EF022675FFB00650E26 /* Products */;
			projectDirPath = "";
			projectRoot = "";
			targets = (
				44149EEE22675FFB00650E26 /* On the Map */,
			);
		};
/* End PBXProject section */

/* Begin PBXResourcesBuildPhase section */
		44149EED22675FFB00650E26 /* Resources */ = {
			isa = PBXResourcesBuildPhase;
			buildActionMask = 2147483647;
			files = (
				44149EFD22675FFC00650E26 /* LaunchScreen.storyboard in Resources */,
				44149EFA22675FFC00650E26 /* Assets.xcassets in Resources */,
				44149EF822675FFB00650E26 /* Main.storyboard in Resources */,
			);
			runOnlyForDeploymentPostprocessing = 0;
		};
/* End PBXResourcesBuildPhase section */

/* Begin PBXSourcesBuildPhase section */
		44149EEB22675FFB00650E26 /* Sources */ = {
			isa = PBXSourcesBuildPhase;
			buildActionMask = 2147483647;
			files = (
				44149F0E2269D79200650E26 /* UdacityLoginResponse.swift in Sources */,
				44149EF522675FFB00650E26 /* LoginViewController.swift in Sources */,
				44149F0B2268B34000650E26 /* UdacityErrorResponse.swift in Sources */,
				44149F112269F26000650E26 /* LoginRequest.swift in Sources */,
				44149EF322675FFB00650E26 /* AppDelegate.swift in Sources */,
				44149F092268A03000650E26 /* UdacityClient.swift in Sources */,
			);
			runOnlyForDeploymentPostprocessing = 0;
		};
/* End PBXSourcesBuildPhase section */

/* Begin PBXVariantGroup section */
		44149EF622675FFB00650E26 /* Main.storyboard */ = {
			isa = PBXVariantGroup;
			children = (
				44149EF722675FFB00650E26 /* Base */,
			);
			name = Main.storyboard;
			sourceTree = "<group>";
		};
		44149EFB22675FFC00650E26 /* LaunchScreen.storyboard */ = {
			isa = PBXVariantGroup;
			children = (
				44149EFC22675FFC00650E26 /* Base */,
			);
			name = LaunchScreen.storyboard;
			sourceTree = "<group>";
		};
/* End PBXVariantGroup section */

/* Begin XCBuildConfiguration section */
		44149EFF22675FFC00650E26 /* Debug */ = {
			isa = XCBuildConfiguration;
			buildSettings = {
				ALWAYS_SEARCH_USER_PATHS = NO;
				CLANG_ANALYZER_NONNULL = YES;
				CLANG_ANALYZER_NUMBER_OBJECT_CONVERSION = YES_AGGRESSIVE;
				CLANG_CXX_LANGUAGE_STANDARD = "gnu++14";
				CLANG_CXX_LIBRARY = "libc++";
				CLANG_ENABLE_MODULES = YES;
				CLANG_ENABLE_OBJC_ARC = YES;
				CLANG_ENABLE_OBJC_WEAK = YES;
				CLANG_WARN_BLOCK_CAPTURE_AUTORELEASING = YES;
				CLANG_WARN_BOOL_CONVERSION = YES;
				CLANG_WARN_COMMA = YES;
				CLANG_WARN_CONSTANT_CONVERSION = YES;
				CLANG_WARN_DEPRECATED_OBJC_IMPLEMENTATIONS = YES;
				CLANG_WARN_DIRECT_OBJC_ISA_USAGE = YES_ERROR;
				CLANG_WARN_DOCUMENTATION_COMMENTS = YES;
				CLANG_WARN_EMPTY_BODY = YES;
				CLANG_WARN_ENUM_CONVERSION = YES;
				CLANG_WARN_INFINITE_RECURSION = YES;
				CLANG_WARN_INT_CONVERSION = YES;
				CLANG_WARN_NON_LITERAL_NULL_CONVERSION = YES;
				CLANG_WARN_OBJC_IMPLICIT_RETAIN_SELF = YES;
				CLANG_WARN_OBJC_LITERAL_CONVERSION = YES;
				CLANG_WARN_OBJC_ROOT_CLASS = YES_ERROR;
				CLANG_WARN_RANGE_LOOP_ANALYSIS = YES;
				CLANG_WARN_STRICT_PROTOTYPES = YES;
				CLANG_WARN_SUSPICIOUS_MOVE = YES;
				CLANG_WARN_UNGUARDED_AVAILABILITY = YES_AGGRESSIVE;
				CLANG_WARN_UNREACHABLE_CODE = YES;
				CLANG_WARN__DUPLICATE_METHOD_MATCH = YES;
				CODE_SIGN_IDENTITY = "iPhone Developer";
				COPY_PHASE_STRIP = NO;
				DEBUG_INFORMATION_FORMAT = dwarf;
				ENABLE_STRICT_OBJC_MSGSEND = YES;
				ENABLE_TESTABILITY = YES;
				GCC_C_LANGUAGE_STANDARD = gnu11;
				GCC_DYNAMIC_NO_PIC = NO;
				GCC_NO_COMMON_BLOCKS = YES;
				GCC_OPTIMIZATION_LEVEL = 0;
				GCC_PREPROCESSOR_DEFINITIONS = (
					"DEBUG=1",
					"$(inherited)",
				);
				GCC_WARN_64_TO_32_BIT_CONVERSION = YES;
				GCC_WARN_ABOUT_RETURN_TYPE = YES_ERROR;
				GCC_WARN_UNDECLARED_SELECTOR = YES;
				GCC_WARN_UNINITIALIZED_AUTOS = YES_AGGRESSIVE;
				GCC_WARN_UNUSED_FUNCTION = YES;
				GCC_WARN_UNUSED_VARIABLE = YES;
				IPHONEOS_DEPLOYMENT_TARGET = 12.2;
				MTL_ENABLE_DEBUG_INFO = INCLUDE_SOURCE;
				MTL_FAST_MATH = YES;
				ONLY_ACTIVE_ARCH = YES;
				SDKROOT = iphoneos;
				SWIFT_ACTIVE_COMPILATION_CONDITIONS = DEBUG;
				SWIFT_OPTIMIZATION_LEVEL = "-Onone";
			};
			name = Debug;
		};
		44149F0022675FFC00650E26 /* Release */ = {
			isa = XCBuildConfiguration;
			buildSettings = {
				ALWAYS_SEARCH_USER_PATHS = NO;
				CLANG_ANALYZER_NONNULL = YES;
				CLANG_ANALYZER_NUMBER_OBJECT_CONVERSION = YES_AGGRESSIVE;
				CLANG_CXX_LANGUAGE_STANDARD = "gnu++14";
				CLANG_CXX_LIBRARY = "libc++";
				CLANG_ENABLE_MODULES = YES;
				CLANG_ENABLE_OBJC_ARC = YES;
				CLANG_ENABLE_OBJC_WEAK = YES;
				CLANG_WARN_BLOCK_CAPTURE_AUTORELEASING = YES;
				CLANG_WARN_BOOL_CONVERSION = YES;
				CLANG_WARN_COMMA = YES;
				CLANG_WARN_CONSTANT_CONVERSION = YES;
				CLANG_WARN_DEPRECATED_OBJC_IMPLEMENTATIONS = YES;
				CLANG_WARN_DIRECT_OBJC_ISA_USAGE = YES_ERROR;
				CLANG_WARN_DOCUMENTATION_COMMENTS = YES;
				CLANG_WARN_EMPTY_BODY = YES;
				CLANG_WARN_ENUM_CONVERSION = YES;
				CLANG_WARN_INFINITE_RECURSION = YES;
				CLANG_WARN_INT_CONVERSION = YES;
				CLANG_WARN_NON_LITERAL_NULL_CONVERSION = YES;
				CLANG_WARN_OBJC_IMPLICIT_RETAIN_SELF = YES;
				CLANG_WARN_OBJC_LITERAL_CONVERSION = YES;
				CLANG_WARN_OBJC_ROOT_CLASS = YES_ERROR;
				CLANG_WARN_RANGE_LOOP_ANALYSIS = YES;
				CLANG_WARN_STRICT_PROTOTYPES = YES;
				CLANG_WARN_SUSPICIOUS_MOVE = YES;
				CLANG_WARN_UNGUARDED_AVAILABILITY = YES_AGGRESSIVE;
				CLANG_WARN_UNREACHABLE_CODE = YES;
				CLANG_WARN__DUPLICATE_METHOD_MATCH = YES;
				CODE_SIGN_IDENTITY = "iPhone Developer";
				COPY_PHASE_STRIP = NO;
				DEBUG_INFORMATION_FORMAT = "dwarf-with-dsym";
				ENABLE_NS_ASSERTIONS = NO;
				ENABLE_STRICT_OBJC_MSGSEND = YES;
				GCC_C_LANGUAGE_STANDARD = gnu11;
				GCC_NO_COMMON_BLOCKS = YES;
				GCC_WARN_64_TO_32_BIT_CONVERSION = YES;
				GCC_WARN_ABOUT_RETURN_TYPE = YES_ERROR;
				GCC_WARN_UNDECLARED_SELECTOR = YES;
				GCC_WARN_UNINITIALIZED_AUTOS = YES_AGGRESSIVE;
				GCC_WARN_UNUSED_FUNCTION = YES;
				GCC_WARN_UNUSED_VARIABLE = YES;
				IPHONEOS_DEPLOYMENT_TARGET = 12.2;
				MTL_ENABLE_DEBUG_INFO = NO;
				MTL_FAST_MATH = YES;
				SDKROOT = iphoneos;
				SWIFT_COMPILATION_MODE = wholemodule;
				SWIFT_OPTIMIZATION_LEVEL = "-O";
				VALIDATE_PRODUCT = YES;
			};
			name = Release;
		};
		44149F0222675FFC00650E26 /* Debug */ = {
			isa = XCBuildConfiguration;
			buildSettings = {
				ASSETCATALOG_COMPILER_APPICON_NAME = AppIcon;
				CODE_SIGN_STYLE = Automatic;
				INFOPLIST_FILE = "On the Map/Info.plist";
				LD_RUNPATH_SEARCH_PATHS = (
					"$(inherited)",
					"@executable_path/Frameworks",
				);
				PRODUCT_BUNDLE_IDENTIFIER = "com.almatarm.On-the-Map";
				PRODUCT_NAME = "$(TARGET_NAME)";
				SWIFT_VERSION = 5.0;
				TARGETED_DEVICE_FAMILY = "1,2";
			};
			name = Debug;
		};
		44149F0322675FFC00650E26 /* Release */ = {
			isa = XCBuildConfiguration;
			buildSettings = {
				ASSETCATALOG_COMPILER_APPICON_NAME = AppIcon;
				CODE_SIGN_STYLE = Automatic;
				INFOPLIST_FILE = "On the Map/Info.plist";
				LD_RUNPATH_SEARCH_PATHS = (
					"$(inherited)",
					"@executable_path/Frameworks",
				);
				PRODUCT_BUNDLE_IDENTIFIER = "com.almatarm.On-the-Map";
				PRODUCT_NAME = "$(TARGET_NAME)";
				SWIFT_VERSION = 5.0;
				TARGETED_DEVICE_FAMILY = "1,2";
			};
			name = Release;
		};
/* End XCBuildConfiguration section */

/* Begin XCConfigurationList section */
		44149EEA22675FFA00650E26 /* Build configuration list for PBXProject "On the Map" */ = {
			isa = XCConfigurationList;
			buildConfigurations = (
				44149EFF22675FFC00650E26 /* Debug */,
				44149F0022675FFC00650E26 /* Release */,
			);
			defaultConfigurationIsVisible = 0;
			defaultConfigurationName = Release;
		};
		44149F0122675FFC00650E26 /* Build configuration list for PBXNativeTarget "On the Map" */ = {
			isa = XCConfigurationList;
			buildConfigurations = (
				44149F0222675FFC00650E26 /* Debug */,
				44149F0322675FFC00650E26 /* Release */,
			);
			defaultConfigurationIsVisible = 0;
			defaultConfigurationName = Release;
		};
/* End XCConfigurationList section */
	};
	rootObject = 44149EE722675FFA00650E26 /* Project object */;
}
